{
  "projects": [
    {
      "projectId": "9hA39KtYg3BevSMNGZjo8u",
      "version": "latest",
      "dependencies": {},
      "lang": "ts",
      "fileLocks": [
        {
          "type": "globalVariant",
          "assetId": "w9Z1u5YsRAUO",
          "checksum": "6bf0e251452bc04cb5e18a946124ba32"
        },
        {
          "type": "renderModule",
          "assetId": "1e7YzspgSepC",
          "checksum": "8cf050e24cc5e7fffb6b24ef82ae53ae"
        },
        {
          "type": "cssRules",
          "assetId": "1e7YzspgSepC",
          "checksum": "8cf050e24cc5e7fffb6b24ef82ae53ae"
        },
        {
          "type": "renderModule",
          "assetId": "Q-X2qK66L2",
          "checksum": "3238ec30bc280b46f45171d73ec17179"
        },
        {
          "type": "cssRules",
          "assetId": "Q-X2qK66L2",
          "checksum": "3238ec30bc280b46f45171d73ec17179"
        },
        {
          "type": "renderModule",
          "assetId": "jvpz07dp-U",
          "checksum": "65490f828cae5fa243c79133c3101668"
        },
        {
          "type": "cssRules",
          "assetId": "jvpz07dp-U",
          "checksum": "65490f828cae5fa243c79133c3101668"
        },
        {
          "type": "image",
          "assetId": "AvkCx1DoR",
          "checksum": "c27e441897b7a07db61b6a65c6fca3ba"
        },
        {
          "assetId": "9hA39KtYg3BevSMNGZjo8u",
          "type": "projectCss",
          "checksum": "ffeb7e5a11fbf5fe410766ce88d22801"
        },
        {
          "type": "icon",
          "assetId": "5StWiLnElt",
          "checksum": "ab20869569ca505d90cc4f1e55ea41f7"
        }
      ]
    }
  ],
  "cliVersion": "0.1.130"
}
